# This file is automatically @generated by Cargo.
# It is not intended for manual editing.
version = 3

[[package]]
name = "fraud-detector"
version = "0.1.0"

[[package]]
name = "ledger"
version = "0.1.0"

[[package]]
name = "ledger-consumer"
version = "0.1.0"

[[package]]
name = "ledger-core"
version = "0.1.0"

[[package]]
name = "pasys"
version = "0.1.0"

[[package]]
name = "refund-processor"
version = "0.1.0"

[[package]]
name = "settlement-processor"
version = "0.1.0"

[[package]]
name = "transactions-api"
version = "0.1.0"
